// !$*UTF8*$!
{
	archiveVersion = 1;
	classes = {
	};
	objectVersion = 56;
	objects = {

/* Begin PBXBuildFile section */
		0053E8E3297EE62D00353EF1 /* OnboardingViewController.swift in Sources */ = {isa = PBXBuildFile; fileRef = 0053E8E2297EE62D00353EF1 /* OnboardingViewController.swift */; };
		0053E8E5297EE67700353EF1 /* TabBarContoller.swift in Sources */ = {isa = PBXBuildFile; fileRef = 0053E8E4297EE67700353EF1 /* TabBarContoller.swift */; };
		0053E8E7297EF2F700353EF1 /* CalendarViewController.swift in Sources */ = {isa = PBXBuildFile; fileRef = 0053E8E6297EF2F700353EF1 /* CalendarViewController.swift */; };
		0079C04429816BBB00073F3B /* CustomTabBar.swift in Sources */ = {isa = PBXBuildFile; fileRef = 00D2951329807EBD00C486BE /* CustomTabBar.swift */; };
		00FD1DD2297ED557006797F5 /* AppDelegate.swift in Sources */ = {isa = PBXBuildFile; fileRef = 00FD1DD1297ED557006797F5 /* AppDelegate.swift */; };
		00FD1DD4297ED557006797F5 /* SceneDelegate.swift in Sources */ = {isa = PBXBuildFile; fileRef = 00FD1DD3297ED557006797F5 /* SceneDelegate.swift */; };
		00FD1DD6297ED557006797F5 /* MainViewController.swift in Sources */ = {isa = PBXBuildFile; fileRef = 00FD1DD5297ED557006797F5 /* MainViewController.swift */; };
		00FD1DDB297ED558006797F5 /* Assets.xcassets in Resources */ = {isa = PBXBuildFile; fileRef = 00FD1DDA297ED558006797F5 /* Assets.xcassets */; };
		00FD1DDE297ED558006797F5 /* LaunchScreen.storyboard in Resources */ = {isa = PBXBuildFile; fileRef = 00FD1DDC297ED558006797F5 /* LaunchScreen.storyboard */; };
		37CAB018297F4ACC00A665E5 /* Theme.swift in Sources */ = {isa = PBXBuildFile; fileRef = 37CAB017297F4ACC00A665E5 /* Theme.swift */; };
		37CAB020297F50D600A665E5 /* Manrope-Regular.ttf in Resources */ = {isa = PBXBuildFile; fileRef = 37CAB019297F50D500A665E5 /* Manrope-Regular.ttf */; };
		37CAB021297F50D600A665E5 /* Manrope-Medium.ttf in Resources */ = {isa = PBXBuildFile; fileRef = 37CAB01A297F50D500A665E5 /* Manrope-Medium.ttf */; };
		37CAB023297F50D600A665E5 /* Manrope-Light.ttf in Resources */ = {isa = PBXBuildFile; fileRef = 37CAB01C297F50D500A665E5 /* Manrope-Light.ttf */; };
		37CAB024297F50D600A665E5 /* Manrope-ExtraBold.ttf in Resources */ = {isa = PBXBuildFile; fileRef = 37CAB01D297F50D500A665E5 /* Manrope-ExtraBold.ttf */; };
		37CAB025297F50D600A665E5 /* Manrope-Bold.ttf in Resources */ = {isa = PBXBuildFile; fileRef = 37CAB01E297F50D500A665E5 /* Manrope-Bold.ttf */; };
		37CAB026297F50D600A665E5 /* Manrope-ExtraLight.ttf in Resources */ = {isa = PBXBuildFile; fileRef = 37CAB01F297F50D500A665E5 /* Manrope-ExtraLight.ttf */; };
		37CAB0292981C7D100A665E5 /* AddHabitScreen.swift in Sources */ = {isa = PBXBuildFile; fileRef = 37CAB0282981C7D100A665E5 /* AddHabitScreen.swift */; };
/* End PBXBuildFile section */

/* Begin PBXFileReference section */
		0053E8E2297EE62D00353EF1 /* OnboardingViewController.swift */ = {isa = PBXFileReference; lastKnownFileType = sourcecode.swift; path = OnboardingViewController.swift; sourceTree = "<group>"; };
		0053E8E4297EE67700353EF1 /* TabBarContoller.swift */ = {isa = PBXFileReference; lastKnownFileType = sourcecode.swift; path = TabBarContoller.swift; sourceTree = "<group>"; };
		0053E8E6297EF2F700353EF1 /* CalendarViewController.swift */ = {isa = PBXFileReference; lastKnownFileType = sourcecode.swift; path = CalendarViewController.swift; sourceTree = "<group>"; };
		00CF56E6297F4AD200DBE062 /* Manrope-Regular.ttf */ = {isa = PBXFileReference; lastKnownFileType = file; path = "Manrope-Regular.ttf"; sourceTree = "<group>"; };
		00CF56E7297F4AD200DBE062 /* Manrope-ExtraLight.ttf */ = {isa = PBXFileReference; lastKnownFileType = file; path = "Manrope-ExtraLight.ttf"; sourceTree = "<group>"; };
		00CF56E8297F4AD200DBE062 /* Manrope-Medium.ttf */ = {isa = PBXFileReference; lastKnownFileType = file; path = "Manrope-Medium.ttf"; sourceTree = "<group>"; };
		00CF56E9297F4AD200DBE062 /* Manrope-Light.ttf */ = {isa = PBXFileReference; lastKnownFileType = file; path = "Manrope-Light.ttf"; sourceTree = "<group>"; };
		00CF56EA297F4AD200DBE062 /* Manrope-ExtraBold.ttf */ = {isa = PBXFileReference; lastKnownFileType = file; path = "Manrope-ExtraBold.ttf"; sourceTree = "<group>"; };
		00CF56EB297F4AD200DBE062 /* Manrope-Bold.ttf */ = {isa = PBXFileReference; lastKnownFileType = file; path = "Manrope-Bold.ttf"; sourceTree = "<group>"; };
		00CF56EC297F4AD200DBE062 /* Manrope-SemiBold.ttf */ = {isa = PBXFileReference; lastKnownFileType = file; path = "Manrope-SemiBold.ttf"; sourceTree = "<group>"; };
		00D2951329807EBD00C486BE /* CustomTabBar.swift */ = {isa = PBXFileReference; lastKnownFileType = sourcecode.swift; path = CustomTabBar.swift; sourceTree = "<group>"; };
		00FD1DCE297ED557006797F5 /* Habit tracker.app */ = {isa = PBXFileReference; explicitFileType = wrapper.application; includeInIndex = 0; path = "Habit tracker.app"; sourceTree = BUILT_PRODUCTS_DIR; };
		00FD1DD1297ED557006797F5 /* AppDelegate.swift */ = {isa = PBXFileReference; lastKnownFileType = sourcecode.swift; path = AppDelegate.swift; sourceTree = "<group>"; };
		00FD1DD3297ED557006797F5 /* SceneDelegate.swift */ = {isa = PBXFileReference; lastKnownFileType = sourcecode.swift; path = SceneDelegate.swift; sourceTree = "<group>"; };
		00FD1DD5297ED557006797F5 /* MainViewController.swift */ = {isa = PBXFileReference; lastKnownFileType = sourcecode.swift; path = MainViewController.swift; sourceTree = "<group>"; };
		00FD1DDA297ED558006797F5 /* Assets.xcassets */ = {isa = PBXFileReference; lastKnownFileType = folder.assetcatalog; path = Assets.xcassets; sourceTree = "<group>"; };
		00FD1DDD297ED558006797F5 /* Base */ = {isa = PBXFileReference; lastKnownFileType = file.storyboard; name = Base; path = Base.lproj/LaunchScreen.storyboard; sourceTree = "<group>"; };
		00FD1DDF297ED558006797F5 /* Info.plist */ = {isa = PBXFileReference; lastKnownFileType = text.plist.xml; path = Info.plist; sourceTree = "<group>"; };
		37CAB017297F4ACC00A665E5 /* Theme.swift */ = {isa = PBXFileReference; fileEncoding = 4; lastKnownFileType = sourcecode.swift; path = Theme.swift; sourceTree = "<group>"; };
		37CAB019297F50D500A665E5 /* Manrope-Regular.ttf */ = {isa = PBXFileReference; lastKnownFileType = file; path = "Manrope-Regular.ttf"; sourceTree = "<group>"; };
		37CAB01A297F50D500A665E5 /* Manrope-Medium.ttf */ = {isa = PBXFileReference; lastKnownFileType = file; path = "Manrope-Medium.ttf"; sourceTree = "<group>"; };
		37CAB01B297F50D500A665E5 /* Manrope-SemiBold.ttf */ = {isa = PBXFileReference; lastKnownFileType = file; path = "Manrope-SemiBold.ttf"; sourceTree = "<group>"; };
		37CAB01C297F50D500A665E5 /* Manrope-Light.ttf */ = {isa = PBXFileReference; lastKnownFileType = file; path = "Manrope-Light.ttf"; sourceTree = "<group>"; };
		37CAB01D297F50D500A665E5 /* Manrope-ExtraBold.ttf */ = {isa = PBXFileReference; lastKnownFileType = file; path = "Manrope-ExtraBold.ttf"; sourceTree = "<group>"; };
		37CAB01E297F50D500A665E5 /* Manrope-Bold.ttf */ = {isa = PBXFileReference; lastKnownFileType = file; path = "Manrope-Bold.ttf"; sourceTree = "<group>"; };
		37CAB01F297F50D500A665E5 /* Manrope-ExtraLight.ttf */ = {isa = PBXFileReference; lastKnownFileType = file; path = "Manrope-ExtraLight.ttf"; sourceTree = "<group>"; };
		37CAB0282981C7D100A665E5 /* AddHabitScreen.swift */ = {isa = PBXFileReference; lastKnownFileType = sourcecode.swift; path = AddHabitScreen.swift; sourceTree = "<group>"; };
/* End PBXFileReference section */

/* Begin PBXFrameworksBuildPhase section */
		00FD1DCB297ED557006797F5 /* Frameworks */ = {
			isa = PBXFrameworksBuildPhase;
			buildActionMask = 2147483647;
			files = (
			);
			runOnlyForDeploymentPostprocessing = 0;
		};
/* End PBXFrameworksBuildPhase section */

/* Begin PBXGroup section */
		00CC7EEE297EF6AC004B0DC2 /* Model */ = {
			isa = PBXGroup;
			children = (
			);
			path = Model;
			sourceTree = "<group>";
		};
		00CC7EEF297EF6B3004B0DC2 /* View */ = {
			isa = PBXGroup;
			children = (
			);
			path = View;
			sourceTree = "<group>";
		};
		00CC7EF0297EF6B7004B0DC2 /* Controllers */ = {
			isa = PBXGroup;
			children = (
				0053E8E4297EE67700353EF1 /* TabBarContoller.swift */,
				00D2951329807EBD00C486BE /* CustomTabBar.swift */,
				00CC7EF4297EF78D004B0DC2 /* Onboarding */,
				00CC7EF3297EF782004B0DC2 /* Main */,
				00CC7EF5297EF796004B0DC2 /* Calendar */,
			);
			path = Controllers;
			sourceTree = "<group>";
		};
		00CC7EF1297EF6EC004B0DC2 /* App */ = {
			isa = PBXGroup;
			children = (
				00FD1DD1297ED557006797F5 /* AppDelegate.swift */,
				00FD1DD3297ED557006797F5 /* SceneDelegate.swift */,
				37CAB017297F4ACC00A665E5 /* Theme.swift */,
				00FD1DDF297ED558006797F5 /* Info.plist */,
			);
			path = App;
			sourceTree = "<group>";
		};
		00CC7EF2297EF6F4004B0DC2 /* Resurces */ = {
			isa = PBXGroup;
			children = (
				00CF56E5297F4AC600DBE062 /* Font */,
				00FD1DDA297ED558006797F5 /* Assets.xcassets */,
				00FD1DDC297ED558006797F5 /* LaunchScreen.storyboard */,
				37CAB027297F50DE00A665E5 /* Fonts */,
			);
			path = Resurces;
			sourceTree = "<group>";
		};
		00CC7EF3297EF782004B0DC2 /* Main */ = {
			isa = PBXGroup;
			children = (
				00FD1DD5297ED557006797F5 /* MainViewController.swift */,
				37CAB0282981C7D100A665E5 /* AddHabitScreen.swift */,
			);
			path = Main;
			sourceTree = "<group>";
		};
		00CC7EF4297EF78D004B0DC2 /* Onboarding */ = {
			isa = PBXGroup;
			children = (
				0053E8E2297EE62D00353EF1 /* OnboardingViewController.swift */,
			);
			path = Onboarding;
			sourceTree = "<group>";
		};
		00CC7EF5297EF796004B0DC2 /* Calendar */ = {
			isa = PBXGroup;
			children = (
				0053E8E6297EF2F700353EF1 /* CalendarViewController.swift */,
			);
			path = Calendar;
			sourceTree = "<group>";
		};
		00CF56E5297F4AC600DBE062 /* Font */ = {
			isa = PBXGroup;
			children = (
				00CF56EB297F4AD200DBE062 /* Manrope-Bold.ttf */,
				00CF56EA297F4AD200DBE062 /* Manrope-ExtraBold.ttf */,
				00CF56E7297F4AD200DBE062 /* Manrope-ExtraLight.ttf */,
				00CF56E9297F4AD200DBE062 /* Manrope-Light.ttf */,
				00CF56E8297F4AD200DBE062 /* Manrope-Medium.ttf */,
				00CF56E6297F4AD200DBE062 /* Manrope-Regular.ttf */,
				00CF56EC297F4AD200DBE062 /* Manrope-SemiBold.ttf */,
			);
			path = Font;
			sourceTree = "<group>";
		};
		00FD1DC5297ED557006797F5 = {
			isa = PBXGroup;
			children = (
				00FD1DD0297ED557006797F5 /* Habit tracker */,
				00FD1DCF297ED557006797F5 /* Products */,
			);
			sourceTree = "<group>";
		};
		00FD1DCF297ED557006797F5 /* Products */ = {
			isa = PBXGroup;
			children = (
				00FD1DCE297ED557006797F5 /* Habit tracker.app */,
			);
			name = Products;
			sourceTree = "<group>";
		};
		00FD1DD0297ED557006797F5 /* Habit tracker */ = {
			isa = PBXGroup;
			children = (
				00CC7EF0297EF6B7004B0DC2 /* Controllers */,
				00CC7EEF297EF6B3004B0DC2 /* View */,
				00CC7EEE297EF6AC004B0DC2 /* Model */,
				00CC7EF1297EF6EC004B0DC2 /* App */,
				00CC7EF2297EF6F4004B0DC2 /* Resurces */,
			);
			path = "Habit tracker";
			sourceTree = "<group>";
		};
		37CAB027297F50DE00A665E5 /* Fonts */ = {
			isa = PBXGroup;
			children = (
				37CAB01E297F50D500A665E5 /* Manrope-Bold.ttf */,
				37CAB01D297F50D500A665E5 /* Manrope-ExtraBold.ttf */,
				37CAB01F297F50D500A665E5 /* Manrope-ExtraLight.ttf */,
				37CAB01C297F50D500A665E5 /* Manrope-Light.ttf */,
				37CAB01A297F50D500A665E5 /* Manrope-Medium.ttf */,
				37CAB019297F50D500A665E5 /* Manrope-Regular.ttf */,
				37CAB01B297F50D500A665E5 /* Manrope-SemiBold.ttf */,
			);
			path = Fonts;
			sourceTree = "<group>";
		};
/* End PBXGroup section */

/* Begin PBXNativeTarget section */
		00FD1DCD297ED557006797F5 /* Habit tracker */ = {
			isa = PBXNativeTarget;
			buildConfigurationList = 00FD1DE2297ED558006797F5 /* Build configuration list for PBXNativeTarget "Habit tracker" */;
			buildPhases = (
				00FD1DCA297ED557006797F5 /* Sources */,
				00FD1DCB297ED557006797F5 /* Frameworks */,
				00FD1DCC297ED557006797F5 /* Resources */,
			);
			buildRules = (
			);
			dependencies = (
			);
			name = "Habit tracker";
			productName = "Habit tracker";
			productReference = 00FD1DCE297ED557006797F5 /* Habit tracker.app */;
			productType = "com.apple.product-type.application";
		};
/* End PBXNativeTarget section */

/* Begin PBXProject section */
		00FD1DC6297ED557006797F5 /* Project object */ = {
			isa = PBXProject;
			attributes = {
				BuildIndependentTargetsInParallel = 1;
				LastSwiftUpdateCheck = 1420;
				LastUpgradeCheck = 1420;
				TargetAttributes = {
					00FD1DCD297ED557006797F5 = {
						CreatedOnToolsVersion = 14.2;
					};
				};
			};
			buildConfigurationList = 00FD1DC9297ED557006797F5 /* Build configuration list for PBXProject "Habit tracker" */;
			compatibilityVersion = "Xcode 14.0";
			developmentRegion = en;
			hasScannedForEncodings = 0;
			knownRegions = (
				en,
				Base,
			);
			mainGroup = 00FD1DC5297ED557006797F5;
			productRefGroup = 00FD1DCF297ED557006797F5 /* Products */;
			projectDirPath = "";
			projectRoot = "";
			targets = (
				00FD1DCD297ED557006797F5 /* Habit tracker */,
			);
		};
/* End PBXProject section */

/* Begin PBXResourcesBuildPhase section */
		00FD1DCC297ED557006797F5 /* Resources */ = {
			isa = PBXResourcesBuildPhase;
			buildActionMask = 2147483647;
			files = (
				00FD1DDE297ED558006797F5 /* LaunchScreen.storyboard in Resources */,
				00FD1DDB297ED558006797F5 /* Assets.xcassets in Resources */,
				37CAB021297F50D600A665E5 /* Manrope-Medium.ttf in Resources */,
				37CAB025297F50D600A665E5 /* Manrope-Bold.ttf in Resources */,
				37CAB023297F50D600A665E5 /* Manrope-Light.ttf in Resources */,
				37CAB020297F50D600A665E5 /* Manrope-Regular.ttf in Resources */,
				37CAB026297F50D600A665E5 /* Manrope-ExtraLight.ttf in Resources */,
				37CAB024297F50D600A665E5 /* Manrope-ExtraBold.ttf in Resources */,
			);
			runOnlyForDeploymentPostprocessing = 0;
		};
/* End PBXResourcesBuildPhase section */

/* Begin PBXSourcesBuildPhase section */
		00FD1DCA297ED557006797F5 /* Sources */ = {
			isa = PBXSourcesBuildPhase;
			buildActionMask = 2147483647;
			files = (
				37CAB0292981C7D100A665E5 /* AddHabitScreen.swift in Sources */,
				0053E8E7297EF2F700353EF1 /* CalendarViewController.swift in Sources */,
				00FD1DD6297ED557006797F5 /* MainViewController.swift in Sources */,
				00FD1DD2297ED557006797F5 /* AppDelegate.swift in Sources */,
				0053E8E5297EE67700353EF1 /* TabBarContoller.swift in Sources */,
				0079C04429816BBB00073F3B /* CustomTabBar.swift in Sources */,
				00FD1DD4297ED557006797F5 /* SceneDelegate.swift in Sources */,
				0053E8E3297EE62D00353EF1 /* OnboardingViewController.swift in Sources */,
				37CAB018297F4ACC00A665E5 /* Theme.swift in Sources */,
			);
			runOnlyForDeploymentPostprocessing = 0;
		};
/* End PBXSourcesBuildPhase section */

/* Begin PBXVariantGroup section */
		00FD1DDC297ED558006797F5 /* LaunchScreen.storyboard */ = {
			isa = PBXVariantGroup;
			children = (
				00FD1DDD297ED558006797F5 /* Base */,
			);
			name = LaunchScreen.storyboard;
			sourceTree = "<group>";
		};
/* End PBXVariantGroup section */

/* Begin XCBuildConfiguration section */
		00FD1DE0297ED558006797F5 /* Debug */ = {
			isa = XCBuildConfiguration;
			buildSettings = {
				ALWAYS_SEARCH_USER_PATHS = NO;
				CLANG_ANALYZER_NONNULL = YES;
				CLANG_ANALYZER_NUMBER_OBJECT_CONVERSION = YES_AGGRESSIVE;
				CLANG_CXX_LANGUAGE_STANDARD = "gnu++20";
				CLANG_ENABLE_MODULES = YES;
				CLANG_ENABLE_OBJC_ARC = YES;
				CLANG_ENABLE_OBJC_WEAK = YES;
				CLANG_WARN_BLOCK_CAPTURE_AUTORELEASING = YES;
				CLANG_WARN_BOOL_CONVERSION = YES;
				CLANG_WARN_COMMA = YES;
				CLANG_WARN_CONSTANT_CONVERSION = YES;
				CLANG_WARN_DEPRECATED_OBJC_IMPLEMENTATIONS = YES;
				CLANG_WARN_DIRECT_OBJC_ISA_USAGE = YES_ERROR;
				CLANG_WARN_DOCUMENTATION_COMMENTS = YES;
				CLANG_WARN_EMPTY_BODY = YES;
				CLANG_WARN_ENUM_CONVERSION = YES;
				CLANG_WARN_INFINITE_RECURSION = YES;
				CLANG_WARN_INT_CONVERSION = YES;
				CLANG_WARN_NON_LITERAL_NULL_CONVERSION = YES;
				CLANG_WARN_OBJC_IMPLICIT_RETAIN_SELF = YES;
				CLANG_WARN_OBJC_LITERAL_CONVERSION = YES;
				CLANG_WARN_OBJC_ROOT_CLASS = YES_ERROR;
				CLANG_WARN_QUOTED_INCLUDE_IN_FRAMEWORK_HEADER = YES;
				CLANG_WARN_RANGE_LOOP_ANALYSIS = YES;
				CLANG_WARN_STRICT_PROTOTYPES = YES;
				CLANG_WARN_SUSPICIOUS_MOVE = YES;
				CLANG_WARN_UNGUARDED_AVAILABILITY = YES_AGGRESSIVE;
				CLANG_WARN_UNREACHABLE_CODE = YES;
				CLANG_WARN__DUPLICATE_METHOD_MATCH = YES;
				COPY_PHASE_STRIP = NO;
				DEBUG_INFORMATION_FORMAT = dwarf;
				ENABLE_STRICT_OBJC_MSGSEND = YES;
				ENABLE_TESTABILITY = YES;
				GCC_C_LANGUAGE_STANDARD = gnu11;
				GCC_DYNAMIC_NO_PIC = NO;
				GCC_NO_COMMON_BLOCKS = YES;
				GCC_OPTIMIZATION_LEVEL = 0;
				GCC_PREPROCESSOR_DEFINITIONS = (
					"DEBUG=1",
					"$(inherited)",
				);
				GCC_WARN_64_TO_32_BIT_CONVERSION = YES;
				GCC_WARN_ABOUT_RETURN_TYPE = YES_ERROR;
				GCC_WARN_UNDECLARED_SELECTOR = YES;
				GCC_WARN_UNINITIALIZED_AUTOS = YES_AGGRESSIVE;
				GCC_WARN_UNUSED_FUNCTION = YES;
				GCC_WARN_UNUSED_VARIABLE = YES;
				IPHONEOS_DEPLOYMENT_TARGET = 16.2;
				MTL_ENABLE_DEBUG_INFO = INCLUDE_SOURCE;
				MTL_FAST_MATH = YES;
				ONLY_ACTIVE_ARCH = YES;
				SDKROOT = iphoneos;
				SWIFT_ACTIVE_COMPILATION_CONDITIONS = DEBUG;
				SWIFT_OPTIMIZATION_LEVEL = "-Onone";
			};
			name = Debug;
		};
		00FD1DE1297ED558006797F5 /* Release */ = {
			isa = XCBuildConfiguration;
			buildSettings = {
				ALWAYS_SEARCH_USER_PATHS = NO;
				CLANG_ANALYZER_NONNULL = YES;
				CLANG_ANALYZER_NUMBER_OBJECT_CONVERSION = YES_AGGRESSIVE;
				CLANG_CXX_LANGUAGE_STANDARD = "gnu++20";
				CLANG_ENABLE_MODULES = YES;
				CLANG_ENABLE_OBJC_ARC = YES;
				CLANG_ENABLE_OBJC_WEAK = YES;
				CLANG_WARN_BLOCK_CAPTURE_AUTORELEASING = YES;
				CLANG_WARN_BOOL_CONVERSION = YES;
				CLANG_WARN_COMMA = YES;
				CLANG_WARN_CONSTANT_CONVERSION = YES;
				CLANG_WARN_DEPRECATED_OBJC_IMPLEMENTATIONS = YES;
				CLANG_WARN_DIRECT_OBJC_ISA_USAGE = YES_ERROR;
				CLANG_WARN_DOCUMENTATION_COMMENTS = YES;
				CLANG_WARN_EMPTY_BODY = YES;
				CLANG_WARN_ENUM_CONVERSION = YES;
				CLANG_WARN_INFINITE_RECURSION = YES;
				CLANG_WARN_INT_CONVERSION = YES;
				CLANG_WARN_NON_LITERAL_NULL_CONVERSION = YES;
				CLANG_WARN_OBJC_IMPLICIT_RETAIN_SELF = YES;
				CLANG_WARN_OBJC_LITERAL_CONVERSION = YES;
				CLANG_WARN_OBJC_ROOT_CLASS = YES_ERROR;
				CLANG_WARN_QUOTED_INCLUDE_IN_FRAMEWORK_HEADER = YES;
				CLANG_WARN_RANGE_LOOP_ANALYSIS = YES;
				CLANG_WARN_STRICT_PROTOTYPES = YES;
				CLANG_WARN_SUSPICIOUS_MOVE = YES;
				CLANG_WARN_UNGUARDED_AVAILABILITY = YES_AGGRESSIVE;
				CLANG_WARN_UNREACHABLE_CODE = YES;
				CLANG_WARN__DUPLICATE_METHOD_MATCH = YES;
				COPY_PHASE_STRIP = NO;
				DEBUG_INFORMATION_FORMAT = "dwarf-with-dsym";
				ENABLE_NS_ASSERTIONS = NO;
				ENABLE_STRICT_OBJC_MSGSEND = YES;
				GCC_C_LANGUAGE_STANDARD = gnu11;
				GCC_NO_COMMON_BLOCKS = YES;
				GCC_WARN_64_TO_32_BIT_CONVERSION = YES;
				GCC_WARN_ABOUT_RETURN_TYPE = YES_ERROR;
				GCC_WARN_UNDECLARED_SELECTOR = YES;
				GCC_WARN_UNINITIALIZED_AUTOS = YES_AGGRESSIVE;
				GCC_WARN_UNUSED_FUNCTION = YES;
				GCC_WARN_UNUSED_VARIABLE = YES;
				IPHONEOS_DEPLOYMENT_TARGET = 16.2;
				MTL_ENABLE_DEBUG_INFO = NO;
				MTL_FAST_MATH = YES;
				SDKROOT = iphoneos;
				SWIFT_COMPILATION_MODE = wholemodule;
				SWIFT_OPTIMIZATION_LEVEL = "-O";
				VALIDATE_PRODUCT = YES;
			};
			name = Release;
		};
		00FD1DE3297ED558006797F5 /* Debug */ = {
			isa = XCBuildConfiguration;
			buildSettings = {
				ASSETCATALOG_COMPILER_APPICON_NAME = AppIcon;
				ASSETCATALOG_COMPILER_GLOBAL_ACCENT_COLOR_NAME = AccentColor;
				CODE_SIGN_STYLE = Automatic;
				CURRENT_PROJECT_VERSION = 1;
				DEVELOPMENT_TEAM = W9FSXFWG34;
				GENERATE_INFOPLIST_FILE = YES;
				INFOPLIST_FILE = "Habit tracker/App/Info.plist";
				INFOPLIST_KEY_UIApplicationSupportsIndirectInputEvents = YES;
				INFOPLIST_KEY_UILaunchStoryboardName = LaunchScreen;
				INFOPLIST_KEY_UISupportedInterfaceOrientations_iPad = "UIInterfaceOrientationPortrait UIInterfaceOrientationPortraitUpsideDown UIInterfaceOrientationLandscapeLeft UIInterfaceOrientationLandscapeRight";
				INFOPLIST_KEY_UISupportedInterfaceOrientations_iPhone = "UIInterfaceOrientationPortrait UIInterfaceOrientationLandscapeLeft UIInterfaceOrientationLandscapeRight";
				LD_RUNPATH_SEARCH_PATHS = (
					"$(inherited)",
					"@executable_path/Frameworks",
				);
				MARKETING_VERSION = 1.0;
				PRODUCT_BUNDLE_IDENTIFIER = "artemorlov.Habit-tracker";
				PRODUCT_NAME = "$(TARGET_NAME)";
				SWIFT_EMIT_LOC_STRINGS = YES;
				SWIFT_VERSION = 5.0;
				TARGETED_DEVICE_FAMILY = "1,2";
			};
			name = Debug;
		};
		00FD1DE4297ED558006797F5 /* Release */ = {
			isa = XCBuildConfiguration;
			buildSettings = {
				ASSETCATALOG_COMPILER_APPICON_NAME = AppIcon;
				ASSETCATALOG_COMPILER_GLOBAL_ACCENT_COLOR_NAME = AccentColor;
				CODE_SIGN_STYLE = Automatic;
				CURRENT_PROJECT_VERSION = 1;
				DEVELOPMENT_TEAM = W9FSXFWG34;
				GENERATE_INFOPLIST_FILE = YES;
				INFOPLIST_FILE = "Habit tracker/App/Info.plist";
				INFOPLIST_KEY_UIApplicationSupportsIndirectInputEvents = YES;
				INFOPLIST_KEY_UILaunchStoryboardName = LaunchScreen;
				INFOPLIST_KEY_UISupportedInterfaceOrientations_iPad = "UIInterfaceOrientationPortrait UIInterfaceOrientationPortraitUpsideDown UIInterfaceOrientationLandscapeLeft UIInterfaceOrientationLandscapeRight";
				INFOPLIST_KEY_UISupportedInterfaceOrientations_iPhone = "UIInterfaceOrientationPortrait UIInterfaceOrientationLandscapeLeft UIInterfaceOrientationLandscapeRight";
				LD_RUNPATH_SEARCH_PATHS = (
					"$(inherited)",
					"@executable_path/Frameworks",
				);
				MARKETING_VERSION = 1.0;
				PRODUCT_BUNDLE_IDENTIFIER = "artemorlov.Habit-tracker";
				PRODUCT_NAME = "$(TARGET_NAME)";
				SWIFT_EMIT_LOC_STRINGS = YES;
				SWIFT_VERSION = 5.0;
				TARGETED_DEVICE_FAMILY = "1,2";
			};
			name = Release;
		};
/* End XCBuildConfiguration section */

/* Begin XCConfigurationList section */
		00FD1DC9297ED557006797F5 /* Build configuration list for PBXProject "Habit tracker" */ = {
			isa = XCConfigurationList;
			buildConfigurations = (
				00FD1DE0297ED558006797F5 /* Debug */,
				00FD1DE1297ED558006797F5 /* Release */,
			);
			defaultConfigurationIsVisible = 0;
			defaultConfigurationName = Release;
		};
		00FD1DE2297ED558006797F5 /* Build configuration list for PBXNativeTarget "Habit tracker" */ = {
			isa = XCConfigurationList;
			buildConfigurations = (
				00FD1DE3297ED558006797F5 /* Debug */,
				00FD1DE4297ED558006797F5 /* Release */,
			);
			defaultConfigurationIsVisible = 0;
			defaultConfigurationName = Release;
		};
/* End XCConfigurationList section */
	};
	rootObject = 00FD1DC6297ED557006797F5 /* Project object */;
}
